
Microsoft Visual Studio Solution File, Format Version 11.00
# Visual Studio 2010
Project("{8BC9CEB8-8B4A-11D0-8D11-00A0C91BC942}") = "bianqian", "bianqian\bianqian.vcxproj", "{09E54FB3-206E-4D9C-AB98-F7540672CDCF}"
EndProject
Project("{8BC9CEB8-8B4A-11D0-8D11-00A0C91BC942}") = "DIYqianming", "DIYqianming\DIYqianming.vcxproj", "{66A71B23-2C4B-4A70-B7B6-DF24B46BB07A}"
EndProject
Project("{8BC9CEB8-8B4A-11D0-8D11-00A0C91BC942}") = "helloworldtxt", "helloworldtxt\helloworldtxt.vcxproj", "{7AF3BFA9-1A06-4E8C-9AEC-59A0976EDDF0}"
EndProject
Project("{8BC9CEB8-8B4A-11D0-8D11-00A0C91BC942}") = "NotePad", "NotePad\NotePad.vcxproj", "{661B4CDA-E991-4434-B7C3-AAFE29EEBEEA}"
EndProject
Global
	GlobalSection(SolutionConfigurationPlatforms) = preSolution
		Debug|Win32 = Debug|Win32
		Release|Win32 = Release|Win32
	EndGlobalSection
	GlobalSection(ProjectConfigurationPlatforms) = postSolution
		{09E54FB3-206E-4D9C-AB98-F7540672CDCF}.Debug|Win32.ActiveCfg = Debug|Win32
		{09E54FB3-206E-4D9C-AB98-F7540672CDCF}.Debug|Win32.Build.0 = Debug|Win32
		{09E54FB3-206E-4D9C-AB98-F7540672CDCF}.Release|Win32.ActiveCfg = Release|Win32
		{09E54FB3-206E-4D9C-AB98-F7540672CDCF}.Release|Win32.Build.0 = Release|Win32
		{66A71B23-2C4B-4A70-B7B6-DF24B46BB07A}.Debug|Win32.ActiveCfg = Debug|Win32
		{66A71B23-2C4B-4A70-B7B6-DF24B46BB07A}.Debug|Win32.Build.0 = Debug|Win32
		{66A71B23-2C4B-4A70-B7B6-DF24B46BB07A}.Release|Win32.ActiveCfg = Release|Win32
		{66A71B23-2C4B-4A70-B7B6-DF24B46BB07A}.Release|Win32.Build.0 = Release|Win32
		{7AF3BFA9-1A06-4E8C-9AEC-59A0976EDDF0}.Debug|Win32.ActiveCfg = Debug|Win32
		{7AF3BFA9-1A06-4E8C-9AEC-59A0976EDDF0}.Debug|Win32.Build.0 = Debug|Win32
		{7AF3BFA9-1A06-4E8C-9AEC-59A0976EDDF0}.Release|Win32.ActiveCfg = Release|Win32
		{7AF3BFA9-1A06-4E8C-9AEC-59A0976EDDF0}.Release|Win32.Build.0 = Release|Win32
		{661B4CDA-E991-4434-B7C3-AAFE29EEBEEA}.Debug|Win32.ActiveCfg = Debug|Win32
		{661B4CDA-E991-4434-B7C3-AAFE29EEBEEA}.Debug|Win32.Build.0 = Debug|Win32
		{661B4CDA-E991-4434-B7C3-AAFE29EEBEEA}.Release|Win32.ActiveCfg = Release|Win32
		{661B4CDA-E991-4434-B7C3-AAFE29EEBEEA}.Release|Win32.Build.0 = Release|Win32
	EndGlobalSection
	GlobalSection(SolutionProperties) = preSolution
		HideSolutionNode = FALSE
	EndGlobalSection
EndGlobal
