
Microsoft Visual Studio Solution File, Format Version 11.00
# Visual Studio 2010
Project("{8BC9CEB8-8B4A-11D0-8D11-00A0C91BC942}") = "WinNote", "WinNote\WinNote.vcxproj", "{3089D58F-A4FA-49DD-9A86-D13A0FBF40F0}"
EndProject
Project("{8BC9CEB8-8B4A-11D0-8D11-00A0C91BC942}") = "WinPaint", "WinPaint\WinPaint.vcxproj", "{613D90E4-1049-41BF-B3EA-FC8E5CF41CFE}"
EndProject
Global
	GlobalSection(SolutionConfigurationPlatforms) = preSolution
		Debug|Win32 = Debug|Win32
		Release|Win32 = Release|Win32
	EndGlobalSection
	GlobalSection(ProjectConfigurationPlatforms) = postSolution
		{3089D58F-A4FA-49DD-9A86-D13A0FBF40F0}.Debug|Win32.ActiveCfg = Debug|Win32
		{3089D58F-A4FA-49DD-9A86-D13A0FBF40F0}.Debug|Win32.Build.0 = Debug|Win32
		{3089D58F-A4FA-49DD-9A86-D13A0FBF40F0}.Release|Win32.ActiveCfg = Release|Win32
		{3089D58F-A4FA-49DD-9A86-D13A0FBF40F0}.Release|Win32.Build.0 = Release|Win32
		{613D90E4-1049-41BF-B3EA-FC8E5CF41CFE}.Debug|Win32.ActiveCfg = Debug|Win32
		{613D90E4-1049-41BF-B3EA-FC8E5CF41CFE}.Debug|Win32.Build.0 = Debug|Win32
		{613D90E4-1049-41BF-B3EA-FC8E5CF41CFE}.Release|Win32.ActiveCfg = Release|Win32
		{613D90E4-1049-41BF-B3EA-FC8E5CF41CFE}.Release|Win32.Build.0 = Release|Win32
	EndGlobalSection
	GlobalSection(SolutionProperties) = preSolution
		HideSolutionNode = FALSE
	EndGlobalSection
EndGlobal
