
Microsoft Visual Studio Solution File, Format Version 11.00
# Visual Studio 2010
Project("{8BC9CEB8-8B4A-11D0-8D11-00A0C91BC942}") = "WINpro", "WINpro\WINpro.vcxproj", "{41DA6F2F-2F31-4DD8-83CA-BEF761A3A086}"
EndProject
Global
	GlobalSection(SolutionConfigurationPlatforms) = preSolution
		Debug|Win32 = Debug|Win32
		Release|Win32 = Release|Win32
	EndGlobalSection
	GlobalSection(ProjectConfigurationPlatforms) = postSolution
		{41DA6F2F-2F31-4DD8-83CA-BEF761A3A086}.Debug|Win32.ActiveCfg = Debug|Win32
		{41DA6F2F-2F31-4DD8-83CA-BEF761A3A086}.Debug|Win32.Build.0 = Debug|Win32
		{41DA6F2F-2F31-4DD8-83CA-BEF761A3A086}.Release|Win32.ActiveCfg = Release|Win32
		{41DA6F2F-2F31-4DD8-83CA-BEF761A3A086}.Release|Win32.Build.0 = Release|Win32
	EndGlobalSection
	GlobalSection(SolutionProperties) = preSolution
		HideSolutionNode = FALSE
	EndGlobalSection
EndGlobal
